// !$*UTF8*$!
{
	archiveVersion = 1;
	classes = {
	};
	objectVersion = 55;
	objects = {

/* Begin PBXBuildFile section */
		672D3D3E28A5B17A003FD23F /* SVG.framework in Frameworks */ = {isa = PBXBuildFile; fileRef = 672D3D3528A5B17A003FD23F /* SVG.framework */; };
		672D3D4328A5B17A003FD23F /* SVGTests.swift in Sources */ = {isa = PBXBuildFile; fileRef = 672D3D4228A5B17A003FD23F /* SVGTests.swift */; };
		672D3D4428A5B17A003FD23F /* SVG.h in Headers */ = {isa = PBXBuildFile; fileRef = 672D3D3828A5B17A003FD23F /* SVG.h */; settings = {ATTRIBUTES = (Public, ); }; };
		672D3D7328A5B282003FD23F /* test.swift in Sources */ = {isa = PBXBuildFile; fileRef = 672D3D7228A5B282003FD23F /* test.swift */; };
		67FA7F6928A5B31700B1FF8A /* Assets.xcassets in Resources */ = {isa = PBXBuildFile; fileRef = 67FA7F6828A5B31700B1FF8A /* Assets.xcassets */; };
		67FA7F8628A6686400B1FF8A /* SnapshotTesting in Frameworks */ = {isa = PBXBuildFile; productRef = 67FA7F8528A6686400B1FF8A /* SnapshotTesting */; };
/* End PBXBuildFile section */

/* Begin PBXContainerItemProxy section */
		672D3D3F28A5B17A003FD23F /* PBXContainerItemProxy */ = {
			isa = PBXContainerItemProxy;
			containerPortal = 672D3D2C28A5B17A003FD23F /* Project object */;
			proxyType = 1;
			remoteGlobalIDString = 672D3D3428A5B17A003FD23F;
			remoteInfo = SVG;
		};
		67FA7F3928A5B2EE00B1FF8A /* PBXContainerItemProxy */ = {
			isa = PBXContainerItemProxy;
			containerPortal = 67FA7F3428A5B2EE00B1FF8A /* PNG.xcodeproj */;
			proxyType = 2;
			remoteGlobalIDString = 67FA7F1C28A5B2EB00B1FF8A;
			remoteInfo = PNG;
		};
		67FA7F3B28A5B2EE00B1FF8A /* PBXContainerItemProxy */ = {
			isa = PBXContainerItemProxy;
			containerPortal = 67FA7F3428A5B2EE00B1FF8A /* PNG.xcodeproj */;
			proxyType = 2;
			remoteGlobalIDString = 67FA7F2428A5B2EB00B1FF8A;
			remoteInfo = PNGTests;
		};
		67FA7F6428A5B30100B1FF8A /* PBXContainerItemProxy */ = {
			isa = PBXContainerItemProxy;
			containerPortal = 67FA7F5F28A5B30100B1FF8A /* PDF.xcodeproj */;
			proxyType = 2;
			remoteGlobalIDString = 67FA7F4728A5B2FF00B1FF8A;
			remoteInfo = PDF;
		};
		67FA7F6628A5B30100B1FF8A /* PBXContainerItemProxy */ = {
			isa = PBXContainerItemProxy;
			containerPortal = 67FA7F5F28A5B30100B1FF8A /* PDF.xcodeproj */;
			proxyType = 2;
			remoteGlobalIDString = 67FA7F4F28A5B2FF00B1FF8A;
			remoteInfo = PDFTests;
		};
/* End PBXContainerItemProxy section */

/* Begin PBXFileReference section */
		672D3D3528A5B17A003FD23F /* SVG.framework */ = {isa = PBXFileReference; explicitFileType = wrapper.framework; includeInIndex = 0; path = SVG.framework; sourceTree = BUILT_PRODUCTS_DIR; };
		672D3D3828A5B17A003FD23F /* SVG.h */ = {isa = PBXFileReference; lastKnownFileType = sourcecode.c.h; path = SVG.h; sourceTree = "<group>"; };
		672D3D3D28A5B17A003FD23F /* SVGTests.xctest */ = {isa = PBXFileReference; explicitFileType = wrapper.cfbundle; includeInIndex = 0; path = SVGTests.xctest; sourceTree = BUILT_PRODUCTS_DIR; };
		672D3D4228A5B17A003FD23F /* SVGTests.swift */ = {isa = PBXFileReference; lastKnownFileType = sourcecode.swift; path = SVGTests.swift; sourceTree = "<group>"; };
		672D3D7228A5B282003FD23F /* test.swift */ = {isa = PBXFileReference; lastKnownFileType = sourcecode.swift; path = test.swift; sourceTree = "<group>"; };
		67FA7F3428A5B2EE00B1FF8A /* PNG.xcodeproj */ = {isa = PBXFileReference; lastKnownFileType = "wrapper.pb-project"; name = PNG.xcodeproj; path = ../../PNG/PNG.xcodeproj; sourceTree = "<group>"; };
		67FA7F5F28A5B30100B1FF8A /* PDF.xcodeproj */ = {isa = PBXFileReference; lastKnownFileType = "wrapper.pb-project"; name = PDF.xcodeproj; path = ../../PDF/PDF.xcodeproj; sourceTree = "<group>"; };
		67FA7F6828A5B31700B1FF8A /* Assets.xcassets */ = {isa = PBXFileReference; lastKnownFileType = folder.assetcatalog; path = Assets.xcassets; sourceTree = "<group>"; };
/* End PBXFileReference section */

/* Begin PBXFrameworksBuildPhase section */
		672D3D3228A5B17A003FD23F /* Frameworks */ = {
			isa = PBXFrameworksBuildPhase;
			buildActionMask = 2147483647;
			files = (
			);
			runOnlyForDeploymentPostprocessing = 0;
		};
		672D3D3A28A5B17A003FD23F /* Frameworks */ = {
			isa = PBXFrameworksBuildPhase;
			buildActionMask = 2147483647;
			files = (
				672D3D3E28A5B17A003FD23F /* SVG.framework in Frameworks */,
				67FA7F8628A6686400B1FF8A /* SnapshotTesting in Frameworks */,
			);
			runOnlyForDeploymentPostprocessing = 0;
		};
/* End PBXFrameworksBuildPhase section */

/* Begin PBXGroup section */
		672D3D2B28A5B17A003FD23F = {
			isa = PBXGroup;
			children = (
				67FA7F6828A5B31700B1FF8A /* Assets.xcassets */,
				672D3D3728A5B17A003FD23F /* SVG */,
				672D3D4128A5B17A003FD23F /* SVGTests */,
				672D3D3628A5B17A003FD23F /* Products */,
			);
			sourceTree = "<group>";
		};
		672D3D3628A5B17A003FD23F /* Products */ = {
			isa = PBXGroup;
			children = (
				672D3D3528A5B17A003FD23F /* SVG.framework */,
				672D3D3D28A5B17A003FD23F /* SVGTests.xctest */,
			);
			name = Products;
			sourceTree = "<group>";
		};
		672D3D3728A5B17A003FD23F /* SVG */ = {
			isa = PBXGroup;
			children = (
				672D3D3828A5B17A003FD23F /* SVG.h */,
				672D3D7228A5B282003FD23F /* test.swift */,
			);
			path = SVG;
			sourceTree = "<group>";
		};
		672D3D4128A5B17A003FD23F /* SVGTests */ = {
			isa = PBXGroup;
			children = (
				67FA7F5F28A5B30100B1FF8A /* PDF.xcodeproj */,
				67FA7F3428A5B2EE00B1FF8A /* PNG.xcodeproj */,
				672D3D4228A5B17A003FD23F /* SVGTests.swift */,
			);
			path = SVGTests;
			sourceTree = "<group>";
		};
		67FA7F3528A5B2EE00B1FF8A /* Products */ = {
			isa = PBXGroup;
			children = (
				67FA7F3A28A5B2EE00B1FF8A /* PNG.framework */,
				67FA7F3C28A5B2EE00B1FF8A /* PNGTests.xctest */,
			);
			name = Products;
			sourceTree = "<group>";
		};
		67FA7F6028A5B30100B1FF8A /* Products */ = {
			isa = PBXGroup;
			children = (
				67FA7F6528A5B30100B1FF8A /* PDF.framework */,
				67FA7F6728A5B30100B1FF8A /* PDFTests.xctest */,
			);
			name = Products;
			sourceTree = "<group>";
		};
/* End PBXGroup section */

/* Begin PBXHeadersBuildPhase section */
		672D3D3028A5B17A003FD23F /* Headers */ = {
			isa = PBXHeadersBuildPhase;
			buildActionMask = 2147483647;
			files = (
				672D3D4428A5B17A003FD23F /* SVG.h in Headers */,
			);
			runOnlyForDeploymentPostprocessing = 0;
		};
/* End PBXHeadersBuildPhase section */

/* Begin PBXNativeTarget section */
		672D3D3428A5B17A003FD23F /* SVG */ = {
			isa = PBXNativeTarget;
			buildConfigurationList = 672D3D4728A5B17A003FD23F /* Build configuration list for PBXNativeTarget "SVG" */;
			buildPhases = (
				672D3D3028A5B17A003FD23F /* Headers */,
				672D3D3128A5B17A003FD23F /* Sources */,
				672D3D3228A5B17A003FD23F /* Frameworks */,
				672D3D3328A5B17A003FD23F /* Resources */,
			);
			buildRules = (
			);
			dependencies = (
			);
			name = SVG;
			packageProductDependencies = (
			);
			productName = SVG;
			productReference = 672D3D3528A5B17A003FD23F /* SVG.framework */;
			productType = "com.apple.product-type.framework";
		};
		672D3D3C28A5B17A003FD23F /* SVGTests */ = {
			isa = PBXNativeTarget;
			buildConfigurationList = 672D3D4A28A5B17A003FD23F /* Build configuration list for PBXNativeTarget "SVGTests" */;
			buildPhases = (
				672D3D3928A5B17A003FD23F /* Sources */,
				672D3D3A28A5B17A003FD23F /* Frameworks */,
				672D3D3B28A5B17A003FD23F /* Resources */,
			);
			buildRules = (
			);
			dependencies = (
				672D3D4028A5B17A003FD23F /* PBXTargetDependency */,
			);
			name = SVGTests;
			packageProductDependencies = (
				67FA7F8528A6686400B1FF8A /* SnapshotTesting */,
			);
			productName = SVGTests;
			productReference = 672D3D3D28A5B17A003FD23F /* SVGTests.xctest */;
			productType = "com.apple.product-type.bundle.unit-test";
		};
/* End PBXNativeTarget section */

/* Begin PBXProject section */
		672D3D2C28A5B17A003FD23F /* Project object */ = {
			isa = PBXProject;
			attributes = {
				BuildIndependentTargetsInParallel = 1;
				LastSwiftUpdateCheck = 1340;
				LastUpgradeCheck = 1340;
				TargetAttributes = {
					672D3D3428A5B17A003FD23F = {
						CreatedOnToolsVersion = 13.4.1;
						LastSwiftMigration = 1340;
					};
					672D3D3C28A5B17A003FD23F = {
						CreatedOnToolsVersion = 13.4.1;
					};
				};
			};
			buildConfigurationList = 672D3D2F28A5B17A003FD23F /* Build configuration list for PBXProject "SVG" */;
			compatibilityVersion = "Xcode 13.0";
			developmentRegion = en;
			hasScannedForEncodings = 0;
			knownRegions = (
				en,
				Base,
			);
			mainGroup = 672D3D2B28A5B17A003FD23F;
			packageReferences = (
				67FA7F8428A6686400B1FF8A /* XCRemoteSwiftPackageReference "swift-snapshot-testing" */,
			);
			productRefGroup = 672D3D3628A5B17A003FD23F /* Products */;
			projectDirPath = "";
			projectReferences = (
				{
					ProductGroup = 67FA7F6028A5B30100B1FF8A /* Products */;
					ProjectRef = 67FA7F5F28A5B30100B1FF8A /* PDF.xcodeproj */;
				},
				{
					ProductGroup = 67FA7F3528A5B2EE00B1FF8A /* Products */;
					ProjectRef = 67FA7F3428A5B2EE00B1FF8A /* PNG.xcodeproj */;
				},
			);
			projectRoot = "";
			targets = (
				672D3D3428A5B17A003FD23F /* SVG */,
				672D3D3C28A5B17A003FD23F /* SVGTests */,
			);
		};
/* End PBXProject section */

/* Begin PBXReferenceProxy section */
		67FA7F3A28A5B2EE00B1FF8A /* PNG.framework */ = {
			isa = PBXReferenceProxy;
			fileType = wrapper.framework;
			path = PNG.framework;
			remoteRef = 67FA7F3928A5B2EE00B1FF8A /* PBXContainerItemProxy */;
			sourceTree = BUILT_PRODUCTS_DIR;
		};
		67FA7F3C28A5B2EE00B1FF8A /* PNGTests.xctest */ = {
			isa = PBXReferenceProxy;
			fileType = wrapper.cfbundle;
			path = PNGTests.xctest;
			remoteRef = 67FA7F3B28A5B2EE00B1FF8A /* PBXContainerItemProxy */;
			sourceTree = BUILT_PRODUCTS_DIR;
		};
		67FA7F6528A5B30100B1FF8A /* PDF.framework */ = {
			isa = PBXReferenceProxy;
			fileType = wrapper.framework;
			path = PDF.framework;
			remoteRef = 67FA7F6428A5B30100B1FF8A /* PBXContainerItemProxy */;
			sourceTree = BUILT_PRODUCTS_DIR;
		};
		67FA7F6728A5B30100B1FF8A /* PDFTests.xctest */ = {
			isa = PBXReferenceProxy;
			fileType = wrapper.cfbundle;
			path = PDFTests.xctest;
			remoteRef = 67FA7F6628A5B30100B1FF8A /* PBXContainerItemProxy */;
			sourceTree = BUILT_PRODUCTS_DIR;
		};
/* End PBXReferenceProxy section */

/* Begin PBXResourcesBuildPhase section */
		672D3D3328A5B17A003FD23F /* Resources */ = {
			isa = PBXResourcesBuildPhase;
			buildActionMask = 2147483647;
			files = (
				67FA7F6928A5B31700B1FF8A /* Assets.xcassets in Resources */,
			);
			runOnlyForDeploymentPostprocessing = 0;
		};
		672D3D3B28A5B17A003FD23F /* Resources */ = {
			isa = PBXResourcesBuildPhase;
			buildActionMask = 2147483647;
			files = (
			);
			runOnlyForDeploymentPostprocessing = 0;
		};
/* End PBXResourcesBuildPhase section */

/* Begin PBXSourcesBuildPhase section */
		672D3D3128A5B17A003FD23F /* Sources */ = {
			isa = PBXSourcesBuildPhase;
			buildActionMask = 2147483647;
			files = (
				672D3D7328A5B282003FD23F /* test.swift in Sources */,
			);
			runOnlyForDeploymentPostprocessing = 0;
		};
		672D3D3928A5B17A003FD23F /* Sources */ = {
			isa = PBXSourcesBuildPhase;
			buildActionMask = 2147483647;
			files = (
				672D3D4328A5B17A003FD23F /* SVGTests.swift in Sources */,
			);
			runOnlyForDeploymentPostprocessing = 0;
		};
/* End PBXSourcesBuildPhase section */

/* Begin PBXTargetDependency section */
		672D3D4028A5B17A003FD23F /* PBXTargetDependency */ = {
			isa = PBXTargetDependency;
			target = 672D3D3428A5B17A003FD23F /* SVG */;
			targetProxy = 672D3D3F28A5B17A003FD23F /* PBXContainerItemProxy */;
		};
/* End PBXTargetDependency section */

/* Begin XCBuildConfiguration section */
		672D3D4528A5B17A003FD23F /* Debug */ = {
			isa = XCBuildConfiguration;
			buildSettings = {
				ALWAYS_SEARCH_USER_PATHS = NO;
				CLANG_ANALYZER_NONNULL = YES;
				CLANG_ANALYZER_NUMBER_OBJECT_CONVERSION = YES_AGGRESSIVE;
				CLANG_CXX_LANGUAGE_STANDARD = "gnu++17";
				CLANG_ENABLE_MODULES = YES;
				CLANG_ENABLE_OBJC_ARC = YES;
				CLANG_ENABLE_OBJC_WEAK = YES;
				CLANG_WARN_BLOCK_CAPTURE_AUTORELEASING = YES;
				CLANG_WARN_BOOL_CONVERSION = YES;
				CLANG_WARN_COMMA = YES;
				CLANG_WARN_CONSTANT_CONVERSION = YES;
				CLANG_WARN_DEPRECATED_OBJC_IMPLEMENTATIONS = YES;
				CLANG_WARN_DIRECT_OBJC_ISA_USAGE = YES_ERROR;
				CLANG_WARN_DOCUMENTATION_COMMENTS = YES;
				CLANG_WARN_EMPTY_BODY = YES;
				CLANG_WARN_ENUM_CONVERSION = YES;
				CLANG_WARN_INFINITE_RECURSION = YES;
				CLANG_WARN_INT_CONVERSION = YES;
				CLANG_WARN_NON_LITERAL_NULL_CONVERSION = YES;
				CLANG_WARN_OBJC_IMPLICIT_RETAIN_SELF = YES;
				CLANG_WARN_OBJC_LITERAL_CONVERSION = YES;
				CLANG_WARN_OBJC_ROOT_CLASS = YES_ERROR;
				CLANG_WARN_QUOTED_INCLUDE_IN_FRAMEWORK_HEADER = YES;
				CLANG_WARN_RANGE_LOOP_ANALYSIS = YES;
				CLANG_WARN_STRICT_PROTOTYPES = YES;
				CLANG_WARN_SUSPICIOUS_MOVE = YES;
				CLANG_WARN_UNGUARDED_AVAILABILITY = YES_AGGRESSIVE;
				CLANG_WARN_UNREACHABLE_CODE = YES;
				CLANG_WARN__DUPLICATE_METHOD_MATCH = YES;
				COPY_PHASE_STRIP = NO;
				CURRENT_PROJECT_VERSION = 1;
				DEBUG_INFORMATION_FORMAT = dwarf;
				ENABLE_STRICT_OBJC_MSGSEND = YES;
				ENABLE_TESTABILITY = YES;
				GCC_C_LANGUAGE_STANDARD = gnu11;
				GCC_DYNAMIC_NO_PIC = NO;
				GCC_NO_COMMON_BLOCKS = YES;
				GCC_OPTIMIZATION_LEVEL = 0;
				GCC_PREPROCESSOR_DEFINITIONS = (
					"DEBUG=1",
					"$(inherited)",
				);
				GCC_WARN_64_TO_32_BIT_CONVERSION = YES;
				GCC_WARN_ABOUT_RETURN_TYPE = YES_ERROR;
				GCC_WARN_UNDECLARED_SELECTOR = YES;
				GCC_WARN_UNINITIALIZED_AUTOS = YES_AGGRESSIVE;
				GCC_WARN_UNUSED_FUNCTION = YES;
				GCC_WARN_UNUSED_VARIABLE = YES;
				IPHONEOS_DEPLOYMENT_TARGET = 15.5;
				MTL_ENABLE_DEBUG_INFO = INCLUDE_SOURCE;
				MTL_FAST_MATH = YES;
				ONLY_ACTIVE_ARCH = YES;
				SDKROOT = iphoneos;
				SWIFT_ACTIVE_COMPILATION_CONDITIONS = DEBUG;
				SWIFT_OPTIMIZATION_LEVEL = "-Onone";
				VERSIONING_SYSTEM = "apple-generic";
				VERSION_INFO_PREFIX = "";
			};
			name = Debug;
		};
		672D3D4628A5B17A003FD23F /* Release */ = {
			isa = XCBuildConfiguration;
			buildSettings = {
				ALWAYS_SEARCH_USER_PATHS = NO;
				CLANG_ANALYZER_NONNULL = YES;
				CLANG_ANALYZER_NUMBER_OBJECT_CONVERSION = YES_AGGRESSIVE;
				CLANG_CXX_LANGUAGE_STANDARD = "gnu++17";
				CLANG_ENABLE_MODULES = YES;
				CLANG_ENABLE_OBJC_ARC = YES;
				CLANG_ENABLE_OBJC_WEAK = YES;
				CLANG_WARN_BLOCK_CAPTURE_AUTORELEASING = YES;
				CLANG_WARN_BOOL_CONVERSION = YES;
				CLANG_WARN_COMMA = YES;
				CLANG_WARN_CONSTANT_CONVERSION = YES;
				CLANG_WARN_DEPRECATED_OBJC_IMPLEMENTATIONS = YES;
				CLANG_WARN_DIRECT_OBJC_ISA_USAGE = YES_ERROR;
				CLANG_WARN_DOCUMENTATION_COMMENTS = YES;
				CLANG_WARN_EMPTY_BODY = YES;
				CLANG_WARN_ENUM_CONVERSION = YES;
				CLANG_WARN_INFINITE_RECURSION = YES;
				CLANG_WARN_INT_CONVERSION = YES;
				CLANG_WARN_NON_LITERAL_NULL_CONVERSION = YES;
				CLANG_WARN_OBJC_IMPLICIT_RETAIN_SELF = YES;
				CLANG_WARN_OBJC_LITERAL_CONVERSION = YES;
				CLANG_WARN_OBJC_ROOT_CLASS = YES_ERROR;
				CLANG_WARN_QUOTED_INCLUDE_IN_FRAMEWORK_HEADER = YES;
				CLANG_WARN_RANGE_LOOP_ANALYSIS = YES;
				CLANG_WARN_STRICT_PROTOTYPES = YES;
				CLANG_WARN_SUSPICIOUS_MOVE = YES;
				CLANG_WARN_UNGUARDED_AVAILABILITY = YES_AGGRESSIVE;
				CLANG_WARN_UNREACHABLE_CODE = YES;
				CLANG_WARN__DUPLICATE_METHOD_MATCH = YES;
				COPY_PHASE_STRIP = NO;
				CURRENT_PROJECT_VERSION = 1;
				DEBUG_INFORMATION_FORMAT = "dwarf-with-dsym";
				ENABLE_NS_ASSERTIONS = NO;
				ENABLE_STRICT_OBJC_MSGSEND = YES;
				GCC_C_LANGUAGE_STANDARD = gnu11;
				GCC_NO_COMMON_BLOCKS = YES;
				GCC_WARN_64_TO_32_BIT_CONVERSION = YES;
				GCC_WARN_ABOUT_RETURN_TYPE = YES_ERROR;
				GCC_WARN_UNDECLARED_SELECTOR = YES;
				GCC_WARN_UNINITIALIZED_AUTOS = YES_AGGRESSIVE;
				GCC_WARN_UNUSED_FUNCTION = YES;
				GCC_WARN_UNUSED_VARIABLE = YES;
				IPHONEOS_DEPLOYMENT_TARGET = 15.5;
				MTL_ENABLE_DEBUG_INFO = NO;
				MTL_FAST_MATH = YES;
				SDKROOT = iphoneos;
				SWIFT_COMPILATION_MODE = wholemodule;
				SWIFT_OPTIMIZATION_LEVEL = "-O";
				VALIDATE_PRODUCT = YES;
				VERSIONING_SYSTEM = "apple-generic";
				VERSION_INFO_PREFIX = "";
			};
			name = Release;
		};
		672D3D4828A5B17A003FD23F /* Debug */ = {
			isa = XCBuildConfiguration;
			buildSettings = {
				CLANG_ENABLE_MODULES = YES;
				CODE_SIGN_STYLE = Automatic;
				CURRENT_PROJECT_VERSION = 1;
				DEFINES_MODULE = YES;
				DYLIB_COMPATIBILITY_VERSION = 1;
				DYLIB_CURRENT_VERSION = 1;
				DYLIB_INSTALL_NAME_BASE = "@rpath";
				GENERATE_INFOPLIST_FILE = YES;
				INFOPLIST_KEY_NSHumanReadableCopyright = "";
				INSTALL_PATH = "$(LOCAL_LIBRARY_DIR)/Frameworks";
				LD_RUNPATH_SEARCH_PATHS = (
					"$(inherited)",
					"@executable_path/Frameworks",
					"@loader_path/Frameworks",
				);
				MARKETING_VERSION = 1.0;
				PRODUCT_BUNDLE_IDENTIFIER = biryol.SVG;
				PRODUCT_NAME = "$(TARGET_NAME:c99extidentifier)";
				SKIP_INSTALL = YES;
				SWIFT_EMIT_LOC_STRINGS = YES;
				SWIFT_OPTIMIZATION_LEVEL = "-Onone";
				SWIFT_VERSION = 5.0;
				TARGETED_DEVICE_FAMILY = "1,2";
			};
			name = Debug;
		};
		672D3D4928A5B17A003FD23F /* Release */ = {
			isa = XCBuildConfiguration;
			buildSettings = {
				CLANG_ENABLE_MODULES = YES;
				CODE_SIGN_STYLE = Automatic;
				CURRENT_PROJECT_VERSION = 1;
				DEFINES_MODULE = YES;
				DYLIB_COMPATIBILITY_VERSION = 1;
				DYLIB_CURRENT_VERSION = 1;
				DYLIB_INSTALL_NAME_BASE = "@rpath";
				GENERATE_INFOPLIST_FILE = YES;
				INFOPLIST_KEY_NSHumanReadableCopyright = "";
				INSTALL_PATH = "$(LOCAL_LIBRARY_DIR)/Frameworks";
				LD_RUNPATH_SEARCH_PATHS = (
					"$(inherited)",
					"@executable_path/Frameworks",
					"@loader_path/Frameworks",
				);
				MARKETING_VERSION = 1.0;
				PRODUCT_BUNDLE_IDENTIFIER = biryol.SVG;
				PRODUCT_NAME = "$(TARGET_NAME:c99extidentifier)";
				SKIP_INSTALL = YES;
				SWIFT_EMIT_LOC_STRINGS = YES;
				SWIFT_VERSION = 5.0;
				TARGETED_DEVICE_FAMILY = "1,2";
			};
			name = Release;
		};
		672D3D4B28A5B17A003FD23F /* Debug */ = {
			isa = XCBuildConfiguration;
			buildSettings = {
				ALWAYS_EMBED_SWIFT_STANDARD_LIBRARIES = YES;
				CODE_SIGN_STYLE = Automatic;
				CURRENT_PROJECT_VERSION = 1;
				GENERATE_INFOPLIST_FILE = YES;
				MARKETING_VERSION = 1.0;
				PRODUCT_BUNDLE_IDENTIFIER = biryol.SVGTests;
				PRODUCT_NAME = "$(TARGET_NAME)";
				SWIFT_EMIT_LOC_STRINGS = NO;
				SWIFT_VERSION = 5.0;
				TARGETED_DEVICE_FAMILY = "1,2";
			};
			name = Debug;
		};
		672D3D4C28A5B17A003FD23F /* Release */ = {
			isa = XCBuildConfiguration;
			buildSettings = {
				ALWAYS_EMBED_SWIFT_STANDARD_LIBRARIES = YES;
				CODE_SIGN_STYLE = Automatic;
				CURRENT_PROJECT_VERSION = 1;
				GENERATE_INFOPLIST_FILE = YES;
				MARKETING_VERSION = 1.0;
				PRODUCT_BUNDLE_IDENTIFIER = biryol.SVGTests;
				PRODUCT_NAME = "$(TARGET_NAME)";
				SWIFT_EMIT_LOC_STRINGS = NO;
				SWIFT_VERSION = 5.0;
				TARGETED_DEVICE_FAMILY = "1,2";
			};
			name = Release;
		};
/* End XCBuildConfiguration section */

/* Begin XCConfigurationList section */
		672D3D2F28A5B17A003FD23F /* Build configuration list for PBXProject "SVG" */ = {
			isa = XCConfigurationList;
			buildConfigurations = (
				672D3D4528A5B17A003FD23F /* Debug */,
				672D3D4628A5B17A003FD23F /* Release */,
			);
			defaultConfigurationIsVisible = 0;
			defaultConfigurationName = Release;
		};
		672D3D4728A5B17A003FD23F /* Build configuration list for PBXNativeTarget "SVG" */ = {
			isa = XCConfigurationList;
			buildConfigurations = (
				672D3D4828A5B17A003FD23F /* Debug */,
				672D3D4928A5B17A003FD23F /* Release */,
			);
			defaultConfigurationIsVisible = 0;
			defaultConfigurationName = Release;
		};
		672D3D4A28A5B17A003FD23F /* Build configuration list for PBXNativeTarget "SVGTests" */ = {
			isa = XCConfigurationList;
			buildConfigurations = (
				672D3D4B28A5B17A003FD23F /* Debug */,
				672D3D4C28A5B17A003FD23F /* Release */,
			);
			defaultConfigurationIsVisible = 0;
			defaultConfigurationName = Release;
		};
/* End XCConfigurationList section */

/* Begin XCRemoteSwiftPackageReference section */
		67FA7F8428A6686400B1FF8A /* XCRemoteSwiftPackageReference "swift-snapshot-testing" */ = {
			isa = XCRemoteSwiftPackageReference;
			repositoryURL = "https://github.com/pointfreeco/swift-snapshot-testing.git";
			requirement = {
				branch = main;
				kind = branch;
			};
		};
/* End XCRemoteSwiftPackageReference section */

/* Begin XCSwiftPackageProductDependency section */
		67FA7F8528A6686400B1FF8A /* SnapshotTesting */ = {
			isa = XCSwiftPackageProductDependency;
			package = 67FA7F8428A6686400B1FF8A /* XCRemoteSwiftPackageReference "swift-snapshot-testing" */;
			productName = SnapshotTesting;
		};
/* End XCSwiftPackageProductDependency section */
	};
	rootObject = 672D3D2C28A5B17A003FD23F /* Project object */;
}
